
Microsoft Visual Studio Solution File, Format Version 12.00
# Visual Studio Version 17
VisualStudioVersion = 17.9.34728.123
MinimumVisualStudioVersion = 10.0.40219.1
Project("{FAE04EC0-301F-11D3-BF4B-00C04F79EFBC}") = "wTickets", "wTickets.csproj", "{BDC91663-1AA2-4250-A84C-8752E5979F94}"
EndProject
Global
	GlobalSection(SolutionConfigurationPlatforms) = preSolution
		Debug|Any CPU = Debug|Any CPU
		Release|Any CPU = Release|Any CPU
	EndGlobalSection
	GlobalSection(ProjectConfigurationPlatforms) = postSolution
		{BDC91663-1AA2-4250-A84C-8752E5979F94}.Debug|Any CPU.ActiveCfg = Debug|Any CPU
		{BDC91663-1AA2-4250-A84C-8752E5979F94}.Debug|Any CPU.Build.0 = Debug|Any CPU
		{BDC91663-1AA2-4250-A84C-8752E5979F94}.Release|Any CPU.ActiveCfg = Release|Any CPU
		{BDC91663-1AA2-4250-A84C-8752E5979F94}.Release|Any CPU.Build.0 = Release|Any CPU
	EndGlobalSection
	GlobalSection(SolutionProperties) = preSolution
		HideSolutionNode = FALSE
	EndGlobalSection
	GlobalSection(ExtensibilityGlobals) = postSolution
		SolutionGuid = {76152CD5-5C43-42D5-B1E6-1DDD6ABDF23A}
	EndGlobalSection
EndGlobal
